
Microsoft Visual Studio Solution File, Format Version 12.00
# Visual Studio Version 17
VisualStudioVersion = 17.14.36327.8 d17.14
MinimumVisualStudioVersion = 10.0.40219.1
Project("{FAE04EC0-301F-11D3-BF4B-00C04F79EFBC}") = "S2T1_Clases", "S2T1_Clases\S2T1_Clases.csproj", "{518BF483-5DC8-4DE0-AE91-DD1C516D58D0}"
EndProject
Global
	GlobalSection(SolutionConfigurationPlatforms) = preSolution
		Debug|Any CPU = Debug|Any CPU
		Release|Any CPU = Release|Any CPU
	EndGlobalSection
	GlobalSection(ProjectConfigurationPlatforms) = postSolution
		{518BF483-5DC8-4DE0-AE91-DD1C516D58D0}.Debug|Any CPU.ActiveCfg = Debug|Any CPU
		{518BF483-5DC8-4DE0-AE91-DD1C516D58D0}.Debug|Any CPU.Build.0 = Debug|Any CPU
		{518BF483-5DC8-4DE0-AE91-DD1C516D58D0}.Release|Any CPU.ActiveCfg = Release|Any CPU
		{518BF483-5DC8-4DE0-AE91-DD1C516D58D0}.Release|Any CPU.Build.0 = Release|Any CPU
	EndGlobalSection
	GlobalSection(SolutionProperties) = preSolution
		HideSolutionNode = FALSE
	EndGlobalSection
	GlobalSection(ExtensibilityGlobals) = postSolution
		SolutionGuid = {95457DB0-D021-4B22-8C8A-344BF28A162C}
	EndGlobalSection
EndGlobal
